
Microsoft Visual Studio Solution File, Format Version 11.00
# Visual Studio 2010
Project("{FAE04EC0-301F-11D3-BF4B-00C04F79EFBC}") = "BBQAddIn", "BBQAddIn\BBQAddIn.csproj", "{8BF416E6-2D5F-420C-9EDF-DC42509BDEE3}"
EndProject
Project("{FAE04EC0-301F-11D3-BF4B-00C04F79EFBC}") = "Test", "Test\Test.csproj", "{87C926D5-1DAA-4BFE-A4B1-C5A68CAA0BF7}"
EndProject
Project("{54435603-DBB4-11D2-8724-00A0C9A8B90C}") = "BBQAddInSetup", "BBQAddInSetup\BBQAddInSetup.vdproj", "{D13F791E-A2F9-42B1-BCEF-CB937FD21DDD}"
EndProject
Project("{FAE04EC0-301F-11D3-BF4B-00C04F79EFBC}") = "ResourceLister", "ResourceLister\ResourceLister.csproj", "{5DC8882D-D783-4037-B3DB-1349AD4D36C2}"
EndProject
Global
	GlobalSection(SolutionConfigurationPlatforms) = preSolution
		Debug|Any CPU = Debug|Any CPU
		Debug|Mixed Platforms = Debug|Mixed Platforms
		Debug|Win32 = Debug|Win32
		Release|Any CPU = Release|Any CPU
		Release|Mixed Platforms = Release|Mixed Platforms
		Release|Win32 = Release|Win32
	EndGlobalSection
	GlobalSection(ProjectConfigurationPlatforms) = postSolution
		{8BF416E6-2D5F-420C-9EDF-DC42509BDEE3}.Debug|Any CPU.ActiveCfg = Debug|Any CPU
		{8BF416E6-2D5F-420C-9EDF-DC42509BDEE3}.Debug|Any CPU.Build.0 = Debug|Any CPU
		{8BF416E6-2D5F-420C-9EDF-DC42509BDEE3}.Debug|Mixed Platforms.ActiveCfg = Debug|Any CPU
		{8BF416E6-2D5F-420C-9EDF-DC42509BDEE3}.Debug|Mixed Platforms.Build.0 = Debug|Any CPU
		{8BF416E6-2D5F-420C-9EDF-DC42509BDEE3}.Debug|Win32.ActiveCfg = Debug|Any CPU
		{8BF416E6-2D5F-420C-9EDF-DC42509BDEE3}.Release|Any CPU.ActiveCfg = Release|Any CPU
		{8BF416E6-2D5F-420C-9EDF-DC42509BDEE3}.Release|Any CPU.Build.0 = Release|Any CPU
		{8BF416E6-2D5F-420C-9EDF-DC42509BDEE3}.Release|Mixed Platforms.ActiveCfg = Release|Any CPU
		{8BF416E6-2D5F-420C-9EDF-DC42509BDEE3}.Release|Mixed Platforms.Build.0 = Release|Any CPU
		{8BF416E6-2D5F-420C-9EDF-DC42509BDEE3}.Release|Win32.ActiveCfg = Release|Any CPU
		{87C926D5-1DAA-4BFE-A4B1-C5A68CAA0BF7}.Debug|Any CPU.ActiveCfg = Debug|Any CPU
		{87C926D5-1DAA-4BFE-A4B1-C5A68CAA0BF7}.Debug|Any CPU.Build.0 = Debug|Any CPU
		{87C926D5-1DAA-4BFE-A4B1-C5A68CAA0BF7}.Debug|Mixed Platforms.ActiveCfg = Debug|Any CPU
		{87C926D5-1DAA-4BFE-A4B1-C5A68CAA0BF7}.Debug|Mixed Platforms.Build.0 = Debug|Any CPU
		{87C926D5-1DAA-4BFE-A4B1-C5A68CAA0BF7}.Debug|Win32.ActiveCfg = Debug|Any CPU
		{87C926D5-1DAA-4BFE-A4B1-C5A68CAA0BF7}.Release|Any CPU.ActiveCfg = Release|Any CPU
		{87C926D5-1DAA-4BFE-A4B1-C5A68CAA0BF7}.Release|Any CPU.Build.0 = Release|Any CPU
		{87C926D5-1DAA-4BFE-A4B1-C5A68CAA0BF7}.Release|Mixed Platforms.ActiveCfg = Release|Any CPU
		{87C926D5-1DAA-4BFE-A4B1-C5A68CAA0BF7}.Release|Mixed Platforms.Build.0 = Release|Any CPU
		{87C926D5-1DAA-4BFE-A4B1-C5A68CAA0BF7}.Release|Win32.ActiveCfg = Release|Any CPU
		{D13F791E-A2F9-42B1-BCEF-CB937FD21DDD}.Debug|Any CPU.ActiveCfg = Debug
		{D13F791E-A2F9-42B1-BCEF-CB937FD21DDD}.Debug|Mixed Platforms.ActiveCfg = Debug
		{D13F791E-A2F9-42B1-BCEF-CB937FD21DDD}.Debug|Win32.ActiveCfg = Debug
		{D13F791E-A2F9-42B1-BCEF-CB937FD21DDD}.Release|Any CPU.ActiveCfg = Release
		{D13F791E-A2F9-42B1-BCEF-CB937FD21DDD}.Release|Mixed Platforms.ActiveCfg = Release
		{D13F791E-A2F9-42B1-BCEF-CB937FD21DDD}.Release|Win32.ActiveCfg = Release
		{5DC8882D-D783-4037-B3DB-1349AD4D36C2}.Debug|Any CPU.ActiveCfg = Debug|Any CPU
		{5DC8882D-D783-4037-B3DB-1349AD4D36C2}.Debug|Any CPU.Build.0 = Debug|Any CPU
		{5DC8882D-D783-4037-B3DB-1349AD4D36C2}.Debug|Mixed Platforms.ActiveCfg = Debug|Any CPU
		{5DC8882D-D783-4037-B3DB-1349AD4D36C2}.Debug|Mixed Platforms.Build.0 = Debug|Any CPU
		{5DC8882D-D783-4037-B3DB-1349AD4D36C2}.Debug|Win32.ActiveCfg = Debug|Any CPU
		{5DC8882D-D783-4037-B3DB-1349AD4D36C2}.Release|Any CPU.ActiveCfg = Release|Any CPU
		{5DC8882D-D783-4037-B3DB-1349AD4D36C2}.Release|Any CPU.Build.0 = Release|Any CPU
		{5DC8882D-D783-4037-B3DB-1349AD4D36C2}.Release|Mixed Platforms.ActiveCfg = Release|Any CPU
		{5DC8882D-D783-4037-B3DB-1349AD4D36C2}.Release|Mixed Platforms.Build.0 = Release|Any CPU
		{5DC8882D-D783-4037-B3DB-1349AD4D36C2}.Release|Win32.ActiveCfg = Release|Any CPU
	EndGlobalSection
	GlobalSection(SolutionProperties) = preSolution
		HideSolutionNode = FALSE
	EndGlobalSection
EndGlobal
